// !$*UTF8*$!
{
	archiveVersion = 1;
	classes = {
	};
	objectVersion = 56;
	objects = {

/* Begin PBXBuildFile section */
		C4058BD22B5C4079008EBBD6 /* DrivesMeCrazyApp.swift in Sources */ = {isa = PBXBuildFile; fileRef = C4058BD12B5C4079008EBBD6 /* DrivesMeCrazyApp.swift */; };
		C4058BD42B5C4079008EBBD6 /* ContentView.swift in Sources */ = {isa = PBXBuildFile; fileRef = C4058BD32B5C4079008EBBD6 /* ContentView.swift */; };
		C4058BD62B5C407A008EBBD6 /* Assets.xcassets in Resources */ = {isa = PBXBuildFile; fileRef = C4058BD52B5C407A008EBBD6 /* Assets.xcassets */; };
		C4058BD92B5C407A008EBBD6 /* Preview Assets.xcassets in Resources */ = {isa = PBXBuildFile; fileRef = C4058BD82B5C407A008EBBD6 /* Preview Assets.xcassets */; };
		C4058BE02B5C479B008EBBD6 /* Dog+.swift in Sources */ = {isa = PBXBuildFile; fileRef = C4058BDF2B5C479B008EBBD6 /* Dog+.swift */; };
		C4058BE22B5C47BE008EBBD6 /* Dog.swift in Sources */ = {isa = PBXBuildFile; fileRef = C4058BE12B5C47BE008EBBD6 /* Dog.swift */; };
		C4058BE42B5C47F7008EBBD6 /* DetailView.swift in Sources */ = {isa = PBXBuildFile; fileRef = C4058BE32B5C47F7008EBBD6 /* DetailView.swift */; };
		C4058BE62B5C48C5008EBBD6 /* NavigationLabelView.swift in Sources */ = {isa = PBXBuildFile; fileRef = C4058BE52B5C48C5008EBBD6 /* NavigationLabelView.swift */; };
/* End PBXBuildFile section */

/* Begin PBXFileReference section */
		C4058BCE2B5C4079008EBBD6 /* DrivesMeCrazy.app */ = {isa = PBXFileReference; explicitFileType = wrapper.application; includeInIndex = 0; path = DrivesMeCrazy.app; sourceTree = BUILT_PRODUCTS_DIR; };
		C4058BD12B5C4079008EBBD6 /* DrivesMeCrazyApp.swift */ = {isa = PBXFileReference; lastKnownFileType = sourcecode.swift; path = DrivesMeCrazyApp.swift; sourceTree = "<group>"; };
		C4058BD32B5C4079008EBBD6 /* ContentView.swift */ = {isa = PBXFileReference; lastKnownFileType = sourcecode.swift; path = ContentView.swift; sourceTree = "<group>"; };
		C4058BD52B5C407A008EBBD6 /* Assets.xcassets */ = {isa = PBXFileReference; lastKnownFileType = folder.assetcatalog; path = Assets.xcassets; sourceTree = "<group>"; };
		C4058BD82B5C407A008EBBD6 /* Preview Assets.xcassets */ = {isa = PBXFileReference; lastKnownFileType = folder.assetcatalog; path = "Preview Assets.xcassets"; sourceTree = "<group>"; };
		C4058BDF2B5C479B008EBBD6 /* Dog+.swift */ = {isa = PBXFileReference; lastKnownFileType = sourcecode.swift; path = "Dog+.swift"; sourceTree = "<group>"; };
		C4058BE12B5C47BE008EBBD6 /* Dog.swift */ = {isa = PBXFileReference; lastKnownFileType = sourcecode.swift; path = Dog.swift; sourceTree = "<group>"; };
		C4058BE32B5C47F7008EBBD6 /* DetailView.swift */ = {isa = PBXFileReference; lastKnownFileType = sourcecode.swift; path = DetailView.swift; sourceTree = "<group>"; };
		C4058BE52B5C48C5008EBBD6 /* NavigationLabelView.swift */ = {isa = PBXFileReference; lastKnownFileType = sourcecode.swift; path = NavigationLabelView.swift; sourceTree = "<group>"; };
/* End PBXFileReference section */

/* Begin PBXFrameworksBuildPhase section */
		C4058BCB2B5C4079008EBBD6 /* Frameworks */ = {
			isa = PBXFrameworksBuildPhase;
			buildActionMask = 2147483647;
			files = (
			);
			runOnlyForDeploymentPostprocessing = 0;
		};
/* End PBXFrameworksBuildPhase section */

/* Begin PBXGroup section */
		C4058BC52B5C4079008EBBD6 = {
			isa = PBXGroup;
			children = (
				C4058BD02B5C4079008EBBD6 /* DrivesMeCrazy */,
				C4058BCF2B5C4079008EBBD6 /* Products */,
			);
			sourceTree = "<group>";
		};
		C4058BCF2B5C4079008EBBD6 /* Products */ = {
			isa = PBXGroup;
			children = (
				C4058BCE2B5C4079008EBBD6 /* DrivesMeCrazy.app */,
			);
			name = Products;
			sourceTree = "<group>";
		};
		C4058BD02B5C4079008EBBD6 /* DrivesMeCrazy */ = {
			isa = PBXGroup;
			children = (
				C4058BE92B5C4983008EBBD6 /* App */,
				C4058BE72B5C495B008EBBD6 /* Model */,
				C4058BE82B5C4969008EBBD6 /* Views */,
				C4058BD72B5C407A008EBBD6 /* Preview Content */,
			);
			path = DrivesMeCrazy;
			sourceTree = "<group>";
		};
		C4058BD72B5C407A008EBBD6 /* Preview Content */ = {
			isa = PBXGroup;
			children = (
				C4058BD82B5C407A008EBBD6 /* Preview Assets.xcassets */,
				C4058BDF2B5C479B008EBBD6 /* Dog+.swift */,
			);
			path = "Preview Content";
			sourceTree = "<group>";
		};
		C4058BE72B5C495B008EBBD6 /* Model */ = {
			isa = PBXGroup;
			children = (
				C4058BE12B5C47BE008EBBD6 /* Dog.swift */,
			);
			path = Model;
			sourceTree = "<group>";
		};
		C4058BE82B5C4969008EBBD6 /* Views */ = {
			isa = PBXGroup;
			children = (
				C4058BE32B5C47F7008EBBD6 /* DetailView.swift */,
				C4058BE52B5C48C5008EBBD6 /* NavigationLabelView.swift */,
				C4058BD32B5C4079008EBBD6 /* ContentView.swift */,
			);
			path = Views;
			sourceTree = "<group>";
		};
		C4058BE92B5C4983008EBBD6 /* App */ = {
			isa = PBXGroup;
			children = (
				C4058BD52B5C407A008EBBD6 /* Assets.xcassets */,
				C4058BD12B5C4079008EBBD6 /* DrivesMeCrazyApp.swift */,
			);
			path = App;
			sourceTree = "<group>";
		};
/* End PBXGroup section */

/* Begin PBXNativeTarget section */
		C4058BCD2B5C4079008EBBD6 /* DrivesMeCrazy */ = {
			isa = PBXNativeTarget;
			buildConfigurationList = C4058BDC2B5C407A008EBBD6 /* Build configuration list for PBXNativeTarget "DrivesMeCrazy" */;
			buildPhases = (
				C4058BCA2B5C4079008EBBD6 /* Sources */,
				C4058BCB2B5C4079008EBBD6 /* Frameworks */,
				C4058BCC2B5C4079008EBBD6 /* Resources */,
			);
			buildRules = (
			);
			dependencies = (
			);
			name = DrivesMeCrazy;
			productName = DrivesMeCrazy;
			productReference = C4058BCE2B5C4079008EBBD6 /* DrivesMeCrazy.app */;
			productType = "com.apple.product-type.application";
		};
/* End PBXNativeTarget section */

/* Begin PBXProject section */
		C4058BC62B5C4079008EBBD6 /* Project object */ = {
			isa = PBXProject;
			attributes = {
				BuildIndependentTargetsInParallel = 1;
				LastSwiftUpdateCheck = 1520;
				LastUpgradeCheck = 1520;
				TargetAttributes = {
					C4058BCD2B5C4079008EBBD6 = {
						CreatedOnToolsVersion = 15.2;
					};
				};
			};
			buildConfigurationList = C4058BC92B5C4079008EBBD6 /* Build configuration list for PBXProject "DrivesMeCrazy" */;
			compatibilityVersion = "Xcode 14.0";
			developmentRegion = en;
			hasScannedForEncodings = 0;
			knownRegions = (
				en,
				Base,
			);
			mainGroup = C4058BC52B5C4079008EBBD6;
			productRefGroup = C4058BCF2B5C4079008EBBD6 /* Products */;
			projectDirPath = "";
			projectRoot = "";
			targets = (
				C4058BCD2B5C4079008EBBD6 /* DrivesMeCrazy */,
			);
		};
/* End PBXProject section */

/* Begin PBXResourcesBuildPhase section */
		C4058BCC2B5C4079008EBBD6 /* Resources */ = {
			isa = PBXResourcesBuildPhase;
			buildActionMask = 2147483647;
			files = (
				C4058BD92B5C407A008EBBD6 /* Preview Assets.xcassets in Resources */,
				C4058BD62B5C407A008EBBD6 /* Assets.xcassets in Resources */,
			);
			runOnlyForDeploymentPostprocessing = 0;
		};
/* End PBXResourcesBuildPhase section */

/* Begin PBXSourcesBuildPhase section */
		C4058BCA2B5C4079008EBBD6 /* Sources */ = {
			isa = PBXSourcesBuildPhase;
			buildActionMask = 2147483647;
			files = (
				C4058BD42B5C4079008EBBD6 /* ContentView.swift in Sources */,
				C4058BE02B5C479B008EBBD6 /* Dog+.swift in Sources */,
				C4058BE42B5C47F7008EBBD6 /* DetailView.swift in Sources */,
				C4058BE62B5C48C5008EBBD6 /* NavigationLabelView.swift in Sources */,
				C4058BE22B5C47BE008EBBD6 /* Dog.swift in Sources */,
				C4058BD22B5C4079008EBBD6 /* DrivesMeCrazyApp.swift in Sources */,
			);
			runOnlyForDeploymentPostprocessing = 0;
		};
/* End PBXSourcesBuildPhase section */

/* Begin XCBuildConfiguration section */
		C4058BDA2B5C407A008EBBD6 /* Debug */ = {
			isa = XCBuildConfiguration;
			buildSettings = {
				ALWAYS_SEARCH_USER_PATHS = NO;
				ASSETCATALOG_COMPILER_GENERATE_SWIFT_ASSET_SYMBOL_EXTENSIONS = YES;
				CLANG_ANALYZER_NONNULL = YES;
				CLANG_ANALYZER_NUMBER_OBJECT_CONVERSION = YES_AGGRESSIVE;
				CLANG_CXX_LANGUAGE_STANDARD = "gnu++20";
				CLANG_ENABLE_MODULES = YES;
				CLANG_ENABLE_OBJC_ARC = YES;
				CLANG_ENABLE_OBJC_WEAK = YES;
				CLANG_WARN_BLOCK_CAPTURE_AUTORELEASING = YES;
				CLANG_WARN_BOOL_CONVERSION = YES;
				CLANG_WARN_COMMA = YES;
				CLANG_WARN_CONSTANT_CONVERSION = YES;
				CLANG_WARN_DEPRECATED_OBJC_IMPLEMENTATIONS = YES;
				CLANG_WARN_DIRECT_OBJC_ISA_USAGE = YES_ERROR;
				CLANG_WARN_DOCUMENTATION_COMMENTS = YES;
				CLANG_WARN_EMPTY_BODY = YES;
				CLANG_WARN_ENUM_CONVERSION = YES;
				CLANG_WARN_INFINITE_RECURSION = YES;
				CLANG_WARN_INT_CONVERSION = YES;
				CLANG_WARN_NON_LITERAL_NULL_CONVERSION = YES;
				CLANG_WARN_OBJC_IMPLICIT_RETAIN_SELF = YES;
				CLANG_WARN_OBJC_LITERAL_CONVERSION = YES;
				CLANG_WARN_OBJC_ROOT_CLASS = YES_ERROR;
				CLANG_WARN_QUOTED_INCLUDE_IN_FRAMEWORK_HEADER = YES;
				CLANG_WARN_RANGE_LOOP_ANALYSIS = YES;
				CLANG_WARN_STRICT_PROTOTYPES = YES;
				CLANG_WARN_SUSPICIOUS_MOVE = YES;
				CLANG_WARN_UNGUARDED_AVAILABILITY = YES_AGGRESSIVE;
				CLANG_WARN_UNREACHABLE_CODE = YES;
				CLANG_WARN__DUPLICATE_METHOD_MATCH = YES;
				COPY_PHASE_STRIP = NO;
				DEBUG_INFORMATION_FORMAT = dwarf;
				ENABLE_STRICT_OBJC_MSGSEND = YES;
				ENABLE_TESTABILITY = YES;
				ENABLE_USER_SCRIPT_SANDBOXING = YES;
				GCC_C_LANGUAGE_STANDARD = gnu17;
				GCC_DYNAMIC_NO_PIC = NO;
				GCC_NO_COMMON_BLOCKS = YES;
				GCC_OPTIMIZATION_LEVEL = 0;
				GCC_PREPROCESSOR_DEFINITIONS = (
					"DEBUG=1",
					"$(inherited)",
				);
				GCC_WARN_64_TO_32_BIT_CONVERSION = YES;
				GCC_WARN_ABOUT_RETURN_TYPE = YES_ERROR;
				GCC_WARN_UNDECLARED_SELECTOR = YES;
				GCC_WARN_UNINITIALIZED_AUTOS = YES_AGGRESSIVE;
				GCC_WARN_UNUSED_FUNCTION = YES;
				GCC_WARN_UNUSED_VARIABLE = YES;
				IPHONEOS_DEPLOYMENT_TARGET = 17.2;
				LOCALIZATION_PREFERS_STRING_CATALOGS = YES;
				MTL_ENABLE_DEBUG_INFO = INCLUDE_SOURCE;
				MTL_FAST_MATH = YES;
				ONLY_ACTIVE_ARCH = YES;
				SDKROOT = iphoneos;
				SWIFT_ACTIVE_COMPILATION_CONDITIONS = "DEBUG $(inherited)";
				SWIFT_OPTIMIZATION_LEVEL = "-Onone";
			};
			name = Debug;
		};
		C4058BDB2B5C407A008EBBD6 /* Release */ = {
			isa = XCBuildConfiguration;
			buildSettings = {
				ALWAYS_SEARCH_USER_PATHS = NO;
				ASSETCATALOG_COMPILER_GENERATE_SWIFT_ASSET_SYMBOL_EXTENSIONS = YES;
				CLANG_ANALYZER_NONNULL = YES;
				CLANG_ANALYZER_NUMBER_OBJECT_CONVERSION = YES_AGGRESSIVE;
				CLANG_CXX_LANGUAGE_STANDARD = "gnu++20";
				CLANG_ENABLE_MODULES = YES;
				CLANG_ENABLE_OBJC_ARC = YES;
				CLANG_ENABLE_OBJC_WEAK = YES;
				CLANG_WARN_BLOCK_CAPTURE_AUTORELEASING = YES;
				CLANG_WARN_BOOL_CONVERSION = YES;
				CLANG_WARN_COMMA = YES;
				CLANG_WARN_CONSTANT_CONVERSION = YES;
				CLANG_WARN_DEPRECATED_OBJC_IMPLEMENTATIONS = YES;
				CLANG_WARN_DIRECT_OBJC_ISA_USAGE = YES_ERROR;
				CLANG_WARN_DOCUMENTATION_COMMENTS = YES;
				CLANG_WARN_EMPTY_BODY = YES;
				CLANG_WARN_ENUM_CONVERSION = YES;
				CLANG_WARN_INFINITE_RECURSION = YES;
				CLANG_WARN_INT_CONVERSION = YES;
				CLANG_WARN_NON_LITERAL_NULL_CONVERSION = YES;
				CLANG_WARN_OBJC_IMPLICIT_RETAIN_SELF = YES;
				CLANG_WARN_OBJC_LITERAL_CONVERSION = YES;
				CLANG_WARN_OBJC_ROOT_CLASS = YES_ERROR;
				CLANG_WARN_QUOTED_INCLUDE_IN_FRAMEWORK_HEADER = YES;
				CLANG_WARN_RANGE_LOOP_ANALYSIS = YES;
				CLANG_WARN_STRICT_PROTOTYPES = YES;
				CLANG_WARN_SUSPICIOUS_MOVE = YES;
				CLANG_WARN_UNGUARDED_AVAILABILITY = YES_AGGRESSIVE;
				CLANG_WARN_UNREACHABLE_CODE = YES;
				CLANG_WARN__DUPLICATE_METHOD_MATCH = YES;
				COPY_PHASE_STRIP = NO;
				DEBUG_INFORMATION_FORMAT = "dwarf-with-dsym";
				ENABLE_NS_ASSERTIONS = NO;
				ENABLE_STRICT_OBJC_MSGSEND = YES;
				ENABLE_USER_SCRIPT_SANDBOXING = YES;
				GCC_C_LANGUAGE_STANDARD = gnu17;
				GCC_NO_COMMON_BLOCKS = YES;
				GCC_WARN_64_TO_32_BIT_CONVERSION = YES;
				GCC_WARN_ABOUT_RETURN_TYPE = YES_ERROR;
				GCC_WARN_UNDECLARED_SELECTOR = YES;
				GCC_WARN_UNINITIALIZED_AUTOS = YES_AGGRESSIVE;
				GCC_WARN_UNUSED_FUNCTION = YES;
				GCC_WARN_UNUSED_VARIABLE = YES;
				IPHONEOS_DEPLOYMENT_TARGET = 17.2;
				LOCALIZATION_PREFERS_STRING_CATALOGS = YES;
				MTL_ENABLE_DEBUG_INFO = NO;
				MTL_FAST_MATH = YES;
				SDKROOT = iphoneos;
				SWIFT_COMPILATION_MODE = wholemodule;
				VALIDATE_PRODUCT = YES;
			};
			name = Release;
		};
		C4058BDD2B5C407A008EBBD6 /* Debug */ = {
			isa = XCBuildConfiguration;
			buildSettings = {
				ASSETCATALOG_COMPILER_APPICON_NAME = AppIcon;
				ASSETCATALOG_COMPILER_GLOBAL_ACCENT_COLOR_NAME = AccentColor;
				CODE_SIGN_STYLE = Automatic;
				CURRENT_PROJECT_VERSION = 1;
				DEVELOPMENT_ASSET_PATHS = "\"DrivesMeCrazy/Preview Content\"";
				DEVELOPMENT_TEAM = 4QP2747CH7;
				ENABLE_PREVIEWS = YES;
				GENERATE_INFOPLIST_FILE = YES;
				INFOPLIST_KEY_UIApplicationSceneManifest_Generation = YES;
				INFOPLIST_KEY_UIApplicationSupportsIndirectInputEvents = YES;
				INFOPLIST_KEY_UILaunchScreen_Generation = YES;
				INFOPLIST_KEY_UISupportedInterfaceOrientations_iPad = "UIInterfaceOrientationPortrait UIInterfaceOrientationPortraitUpsideDown UIInterfaceOrientationLandscapeLeft UIInterfaceOrientationLandscapeRight";
				INFOPLIST_KEY_UISupportedInterfaceOrientations_iPhone = "UIInterfaceOrientationPortrait UIInterfaceOrientationLandscapeLeft UIInterfaceOrientationLandscapeRight";
				LD_RUNPATH_SEARCH_PATHS = (
					"$(inherited)",
					"@executable_path/Frameworks",
				);
				MARKETING_VERSION = 1.0;
				PRODUCT_BUNDLE_IDENTIFIER = cz.stanislavk.dev.DrivesMeCrazy;
				PRODUCT_NAME = "$(TARGET_NAME)";
				SWIFT_EMIT_LOC_STRINGS = YES;
				SWIFT_VERSION = 5.0;
				TARGETED_DEVICE_FAMILY = "1,2";
			};
			name = Debug;
		};
		C4058BDE2B5C407A008EBBD6 /* Release */ = {
			isa = XCBuildConfiguration;
			buildSettings = {
				ASSETCATALOG_COMPILER_APPICON_NAME = AppIcon;
				ASSETCATALOG_COMPILER_GLOBAL_ACCENT_COLOR_NAME = AccentColor;
				CODE_SIGN_STYLE = Automatic;
				CURRENT_PROJECT_VERSION = 1;
				DEVELOPMENT_ASSET_PATHS = "\"DrivesMeCrazy/Preview Content\"";
				DEVELOPMENT_TEAM = 4QP2747CH7;
				ENABLE_PREVIEWS = YES;
				GENERATE_INFOPLIST_FILE = YES;
				INFOPLIST_KEY_UIApplicationSceneManifest_Generation = YES;
				INFOPLIST_KEY_UIApplicationSupportsIndirectInputEvents = YES;
				INFOPLIST_KEY_UILaunchScreen_Generation = YES;
				INFOPLIST_KEY_UISupportedInterfaceOrientations_iPad = "UIInterfaceOrientationPortrait UIInterfaceOrientationPortraitUpsideDown UIInterfaceOrientationLandscapeLeft UIInterfaceOrientationLandscapeRight";
				INFOPLIST_KEY_UISupportedInterfaceOrientations_iPhone = "UIInterfaceOrientationPortrait UIInterfaceOrientationLandscapeLeft UIInterfaceOrientationLandscapeRight";
				LD_RUNPATH_SEARCH_PATHS = (
					"$(inherited)",
					"@executable_path/Frameworks",
				);
				MARKETING_VERSION = 1.0;
				PRODUCT_BUNDLE_IDENTIFIER = cz.stanislavk.dev.DrivesMeCrazy;
				PRODUCT_NAME = "$(TARGET_NAME)";
				SWIFT_EMIT_LOC_STRINGS = YES;
				SWIFT_VERSION = 5.0;
				TARGETED_DEVICE_FAMILY = "1,2";
			};
			name = Release;
		};
/* End XCBuildConfiguration section */

/* Begin XCConfigurationList section */
		C4058BC92B5C4079008EBBD6 /* Build configuration list for PBXProject "DrivesMeCrazy" */ = {
			isa = XCConfigurationList;
			buildConfigurations = (
				C4058BDA2B5C407A008EBBD6 /* Debug */,
				C4058BDB2B5C407A008EBBD6 /* Release */,
			);
			defaultConfigurationIsVisible = 0;
			defaultConfigurationName = Release;
		};
		C4058BDC2B5C407A008EBBD6 /* Build configuration list for PBXNativeTarget "DrivesMeCrazy" */ = {
			isa = XCConfigurationList;
			buildConfigurations = (
				C4058BDD2B5C407A008EBBD6 /* Debug */,
				C4058BDE2B5C407A008EBBD6 /* Release */,
			);
			defaultConfigurationIsVisible = 0;
			defaultConfigurationName = Release;
		};
/* End XCConfigurationList section */
	};
	rootObject = C4058BC62B5C4079008EBBD6 /* Project object */;
}
